Microsoft Visual Studio Solution File, Format Version 12.00
# Visual Studio Version 17
VisualStudioVersion = 17.0.31611.283
MinimumVisualStudioVersion = 10.0.40219.1
Project("{9A19103F-16F7-4668-BE54-9A1E7A4F7556}") = "MauiApp2", "MauiApp2\MauiApp2.csproj", "{1F7BBEEC-C9D9-4D4A-B6D3-F675A1AD559F}"
EndProject
Project("{9A19103F-16F7-4668-BE54-9A1E7A4F7556}") = "GameServer", "GameServer\GameServer.csproj", "{A6E9B291-DE42-4CF6-AFF7-92B1CB199516}"
EndProject
Project("{9A19103F-16F7-4668-BE54-9A1E7A4F7556}") = "Common", "Common\Common.csproj", "{3B4B751C-7E0B-45B3-BA1C-102D4F05EE0B}"
EndProject
Project("{2150E333-8FDC-42A3-9474-1A3956D46DE8}") = "Test", "Test", "{546D36B8-6B56-4947-BE30-8EE8C84CD7F7}"
EndProject
Project("{9A19103F-16F7-4668-BE54-9A1E7A4F7556}") = "Common.Test", "Common.Test\Common.Test.csproj", "{8434786E-1E1F-4813-A7C1-F37A7B3F4755}"
EndProject
Project("{FAE04EC0-301F-11D3-BF4B-00C04F79EFBC}") = "ConsoleClient", "ConsoleClient\ConsoleClient.csproj", "{D8270C40-CA69-4567-BCDE-446D2375A58F}"
EndProject
Global
	GlobalSection(SolutionConfigurationPlatforms) = preSolution
		Debug|Any CPU = Debug|Any CPU
		Release|Any CPU = Release|Any CPU
	EndGlobalSection
	GlobalSection(ProjectConfigurationPlatforms) = postSolution
		{1F7BBEEC-C9D9-4D4A-B6D3-F675A1AD559F}.Debug|Any CPU.ActiveCfg = Debug|Any CPU
		{1F7BBEEC-C9D9-4D4A-B6D3-F675A1AD559F}.Debug|Any CPU.Build.0 = Debug|Any CPU
		{1F7BBEEC-C9D9-4D4A-B6D3-F675A1AD559F}.Debug|Any CPU.Deploy.0 = Debug|Any CPU
		{1F7BBEEC-C9D9-4D4A-B6D3-F675A1AD559F}.Release|Any CPU.ActiveCfg = Release|Any CPU
		{1F7BBEEC-C9D9-4D4A-B6D3-F675A1AD559F}.Release|Any CPU.Build.0 = Release|Any CPU
		{1F7BBEEC-C9D9-4D4A-B6D3-F675A1AD559F}.Release|Any CPU.Deploy.0 = Release|Any CPU
		{A6E9B291-DE42-4CF6-AFF7-92B1CB199516}.Debug|Any CPU.ActiveCfg = Debug|Any CPU
		{A6E9B291-DE42-4CF6-AFF7-92B1CB199516}.Debug|Any CPU.Build.0 = Debug|Any CPU
		{A6E9B291-DE42-4CF6-AFF7-92B1CB199516}.Release|Any CPU.ActiveCfg = Release|Any CPU
		{A6E9B291-DE42-4CF6-AFF7-92B1CB199516}.Release|Any CPU.Build.0 = Release|Any CPU
		{3B4B751C-7E0B-45B3-BA1C-102D4F05EE0B}.Debug|Any CPU.ActiveCfg = Debug|Any CPU
		{3B4B751C-7E0B-45B3-BA1C-102D4F05EE0B}.Debug|Any CPU.Build.0 = Debug|Any CPU
		{3B4B751C-7E0B-45B3-BA1C-102D4F05EE0B}.Release|Any CPU.ActiveCfg = Release|Any CPU
		{3B4B751C-7E0B-45B3-BA1C-102D4F05EE0B}.Release|Any CPU.Build.0 = Release|Any CPU
		{8434786E-1E1F-4813-A7C1-F37A7B3F4755}.Debug|Any CPU.ActiveCfg = Debug|Any CPU
		{8434786E-1E1F-4813-A7C1-F37A7B3F4755}.Debug|Any CPU.Build.0 = Debug|Any CPU
		{8434786E-1E1F-4813-A7C1-F37A7B3F4755}.Release|Any CPU.ActiveCfg = Release|Any CPU
		{8434786E-1E1F-4813-A7C1-F37A7B3F4755}.Release|Any CPU.Build.0 = Release|Any CPU
		{D8270C40-CA69-4567-BCDE-446D2375A58F}.Debug|Any CPU.ActiveCfg = Debug|Any CPU
		{D8270C40-CA69-4567-BCDE-446D2375A58F}.Debug|Any CPU.Build.0 = Debug|Any CPU
		{D8270C40-CA69-4567-BCDE-446D2375A58F}.Release|Any CPU.ActiveCfg = Release|Any CPU
		{D8270C40-CA69-4567-BCDE-446D2375A58F}.Release|Any CPU.Build.0 = Release|Any CPU
	EndGlobalSection
	GlobalSection(SolutionProperties) = preSolution
		HideSolutionNode = FALSE
	EndGlobalSection
	GlobalSection(NestedProjects) = preSolution
		{8434786E-1E1F-4813-A7C1-F37A7B3F4755} = {546D36B8-6B56-4947-BE30-8EE8C84CD7F7}
	EndGlobalSection
	GlobalSection(ExtensibilityGlobals) = postSolution
		SolutionGuid = {61F7FB11-1E47-470C-91E2-47F8143E1572}
	EndGlobalSection
EndGlobal
